
Microsoft Visual Studio Solution File, Format Version 12.00
# Visual Studio Version 17
VisualStudioVersion = 17.4.33122.133
MinimumVisualStudioVersion = 10.0.40219.1
Project("{54A90642-561A-4BB1-A94E-469ADEE60C69}") = "shopcoffeefe", "ShopCoffeeFE\shopcoffeefe.esproj", "{4338464C-729C-48CA-AD4F-277FBF8E5278}"
EndProject
Project("{FAE04EC0-301F-11D3-BF4B-00C04F79EFBC}") = "shopcoffeebe", "shopcoffeebe\shopcoffeebe.csproj", "{87D06F7E-1895-460A-BDF2-110C6AD60982}"
EndProject
Global
	GlobalSection(SolutionConfigurationPlatforms) = preSolution
		Debug|Any CPU = Debug|Any CPU
		Release|Any CPU = Release|Any CPU
	EndGlobalSection
	GlobalSection(ProjectConfigurationPlatforms) = postSolution
		{4338464C-729C-48CA-AD4F-277FBF8E5278}.Debug|Any CPU.ActiveCfg = Debug|Any CPU
		{4338464C-729C-48CA-AD4F-277FBF8E5278}.Debug|Any CPU.Build.0 = Debug|Any CPU
		{4338464C-729C-48CA-AD4F-277FBF8E5278}.Debug|Any CPU.Deploy.0 = Debug|Any CPU
		{4338464C-729C-48CA-AD4F-277FBF8E5278}.Release|Any CPU.ActiveCfg = Release|Any CPU
		{4338464C-729C-48CA-AD4F-277FBF8E5278}.Release|Any CPU.Build.0 = Release|Any CPU
		{4338464C-729C-48CA-AD4F-277FBF8E5278}.Release|Any CPU.Deploy.0 = Release|Any CPU
		{87D06F7E-1895-460A-BDF2-110C6AD60982}.Debug|Any CPU.ActiveCfg = Debug|Any CPU
		{87D06F7E-1895-460A-BDF2-110C6AD60982}.Debug|Any CPU.Build.0 = Debug|Any CPU
		{87D06F7E-1895-460A-BDF2-110C6AD60982}.Release|Any CPU.ActiveCfg = Release|Any CPU
		{87D06F7E-1895-460A-BDF2-110C6AD60982}.Release|Any CPU.Build.0 = Release|Any CPU
	EndGlobalSection
	GlobalSection(SolutionProperties) = preSolution
		HideSolutionNode = FALSE
	EndGlobalSection
	GlobalSection(ExtensibilityGlobals) = postSolution
		SolutionGuid = {696EA506-4388-4ADF-ABA2-DC00EEBADC7D}
	EndGlobalSection
EndGlobal
